// !$*UTF8*$!
{
	archiveVersion = 1;
	classes = {
	};
	objectVersion = 50;
	objects = {

/* Begin PBXBuildFile section */
		0550425C209CDF86008BF35C /* WebViewController.swift in Sources */ = {isa = PBXBuildFile; fileRef = 0550425B209CDF86008BF35C /* WebViewController.swift */; };
		05CB8F742091165100AB7E13 /* AppDelegate.swift in Sources */ = {isa = PBXBuildFile; fileRef = 05CB8F732091165100AB7E13 /* AppDelegate.swift */; };
		05CB8F762091165100AB7E13 /* SongBirdsViewController.swift in Sources */ = {isa = PBXBuildFile; fileRef = 05CB8F752091165100AB7E13 /* SongBirdsViewController.swift */; };
		05CB8F792091165100AB7E13 /* Main.storyboard in Resources */ = {isa = PBXBuildFile; fileRef = 05CB8F772091165100AB7E13 /* Main.storyboard */; };
		05CB8F7B2091165200AB7E13 /* Assets.xcassets in Resources */ = {isa = PBXBuildFile; fileRef = 05CB8F7A2091165200AB7E13 /* Assets.xcassets */; };
		05CB8F7E2091165200AB7E13 /* LaunchScreen.storyboard in Resources */ = {isa = PBXBuildFile; fileRef = 05CB8F7C2091165200AB7E13 /* LaunchScreen.storyboard */; };
		B0C240F6209B8A8B00A63E83 /* MenuViewController.swift in Sources */ = {isa = PBXBuildFile; fileRef = B0C240F5209B8A8B00A63E83 /* MenuViewController.swift */; };
		B0C48D3020925D8700A655AB /* houseFinch.wav in Resources */ = {isa = PBXBuildFile; fileRef = B0C48D2A20925D8700A655AB /* houseFinch.wav */; };
		B0C48D3120925D8700A655AB /* blueJay.wav in Resources */ = {isa = PBXBuildFile; fileRef = B0C48D2B20925D8700A655AB /* blueJay.wav */; };
		B0C48D3220925D8700A655AB /* redTailedHawk.wav in Resources */ = {isa = PBXBuildFile; fileRef = B0C48D2C20925D8700A655AB /* redTailedHawk.wav */; };
		B0C48D3320925D8700A655AB /* goldFinch.wav in Resources */ = {isa = PBXBuildFile; fileRef = B0C48D2D20925D8700A655AB /* goldFinch.wav */; };
		B0C48D3420925D8700A655AB /* baldEagle.wav in Resources */ = {isa = PBXBuildFile; fileRef = B0C48D2E20925D8700A655AB /* baldEagle.wav */; };
		B0C48D3520925D8700A655AB /* cardinal.wav in Resources */ = {isa = PBXBuildFile; fileRef = B0C48D2F20925D8700A655AB /* cardinal.wav */; };
		B0F86C02209B9A6900EAA456 /* WoodpeckersViewController.swift in Sources */ = {isa = PBXBuildFile; fileRef = B0F86C01209B9A6900EAA456 /* WoodpeckersViewController.swift */; };
		B0F86C04209B9A7F00EAA456 /* BirdsOfPreyViewController.swift in Sources */ = {isa = PBXBuildFile; fileRef = B0F86C03209B9A7F00EAA456 /* BirdsOfPreyViewController.swift */; };
		B0FAD11D209E0C0300CD486B /* northernFlicker.wav in Resources */ = {isa = PBXBuildFile; fileRef = B0FAD111209E0C0200CD486B /* northernFlicker.wav */; };
		B0FAD11E209E0C0300CD486B /* redHeaded.wav in Resources */ = {isa = PBXBuildFile; fileRef = B0FAD112209E0C0200CD486B /* redHeaded.wav */; };
		B0FAD11F209E0C0300CD486B /* redBellied.wav in Resources */ = {isa = PBXBuildFile; fileRef = B0FAD113209E0C0200CD486B /* redBellied.wav */; };
		B0FAD120209E0C0300CD486B /* tuftedTitmouse.wav in Resources */ = {isa = PBXBuildFile; fileRef = B0FAD114209E0C0200CD486B /* tuftedTitmouse.wav */; };
		B0FAD121209E0C0300CD486B /* greatHornedOwl.wav in Resources */ = {isa = PBXBuildFile; fileRef = B0FAD115209E0C0200CD486B /* greatHornedOwl.wav */; };
		B0FAD122209E0C0300CD486B /* americanKestrel.wav in Resources */ = {isa = PBXBuildFile; fileRef = B0FAD116209E0C0300CD486B /* americanKestrel.wav */; };
		B0FAD123209E0C0300CD486B /* barredOwl.wav in Resources */ = {isa = PBXBuildFile; fileRef = B0FAD117209E0C0300CD486B /* barredOwl.wav */; };
		B0FAD124209E0C0300CD486B /* chickadee.wav in Resources */ = {isa = PBXBuildFile; fileRef = B0FAD118209E0C0300CD486B /* chickadee.wav */; };
		B0FAD125209E0C0300CD486B /* downy.wav in Resources */ = {isa = PBXBuildFile; fileRef = B0FAD119209E0C0300CD486B /* downy.wav */; };
		B0FAD126209E0C0300CD486B /* hairy.wav in Resources */ = {isa = PBXBuildFile; fileRef = B0FAD11A209E0C0300CD486B /* hairy.wav */; };
		B0FAD127209E0C0300CD486B /* peregrineFalcon.wav in Resources */ = {isa = PBXBuildFile; fileRef = B0FAD11B209E0C0300CD486B /* peregrineFalcon.wav */; };
		B0FAD128209E0C0300CD486B /* pileated.wav in Resources */ = {isa = PBXBuildFile; fileRef = B0FAD11C209E0C0300CD486B /* pileated.wav */; };
/* End PBXBuildFile section */

/* Begin PBXFileReference section */
		0550425B209CDF86008BF35C /* WebViewController.swift */ = {isa = PBXFileReference; lastKnownFileType = sourcecode.swift; path = WebViewController.swift; sourceTree = "<group>"; };
		05CB8F702091165100AB7E13 /* WordOfTheBird.app */ = {isa = PBXFileReference; explicitFileType = wrapper.application; includeInIndex = 0; path = WordOfTheBird.app; sourceTree = BUILT_PRODUCTS_DIR; };
		05CB8F732091165100AB7E13 /* AppDelegate.swift */ = {isa = PBXFileReference; lastKnownFileType = sourcecode.swift; path = AppDelegate.swift; sourceTree = "<group>"; };
		05CB8F752091165100AB7E13 /* SongBirdsViewController.swift */ = {isa = PBXFileReference; lastKnownFileType = sourcecode.swift; path = SongBirdsViewController.swift; sourceTree = "<group>"; };
		05CB8F782091165100AB7E13 /* Base */ = {isa = PBXFileReference; lastKnownFileType = file.storyboard; name = Base; path = Base.lproj/Main.storyboard; sourceTree = "<group>"; };
		05CB8F7A2091165200AB7E13 /* Assets.xcassets */ = {isa = PBXFileReference; lastKnownFileType = folder.assetcatalog; path = Assets.xcassets; sourceTree = "<group>"; };
		05CB8F7D2091165200AB7E13 /* Base */ = {isa = PBXFileReference; lastKnownFileType = file.storyboard; name = Base; path = Base.lproj/LaunchScreen.storyboard; sourceTree = "<group>"; };
		05CB8F7F2091165200AB7E13 /* Info.plist */ = {isa = PBXFileReference; lastKnownFileType = text.plist.xml; path = Info.plist; sourceTree = "<group>"; };
		B0C240F5209B8A8B00A63E83 /* MenuViewController.swift */ = {isa = PBXFileReference; lastKnownFileType = sourcecode.swift; path = MenuViewController.swift; sourceTree = "<group>"; };
		B0C48D2A20925D8700A655AB /* houseFinch.wav */ = {isa = PBXFileReference; lastKnownFileType = audio.wav; path = houseFinch.wav; sourceTree = "<group>"; };
		B0C48D2B20925D8700A655AB /* blueJay.wav */ = {isa = PBXFileReference; lastKnownFileType = audio.wav; path = blueJay.wav; sourceTree = "<group>"; };
		B0C48D2C20925D8700A655AB /* redTailedHawk.wav */ = {isa = PBXFileReference; lastKnownFileType = audio.wav; path = redTailedHawk.wav; sourceTree = "<group>"; };
		B0C48D2D20925D8700A655AB /* goldFinch.wav */ = {isa = PBXFileReference; lastKnownFileType = audio.wav; path = goldFinch.wav; sourceTree = "<group>"; };
		B0C48D2E20925D8700A655AB /* baldEagle.wav */ = {isa = PBXFileReference; lastKnownFileType = audio.wav; path = baldEagle.wav; sourceTree = "<group>"; };
		B0C48D2F20925D8700A655AB /* cardinal.wav */ = {isa = PBXFileReference; lastKnownFileType = audio.wav; path = cardinal.wav; sourceTree = "<group>"; };
		B0F86C01209B9A6900EAA456 /* WoodpeckersViewController.swift */ = {isa = PBXFileReference; lastKnownFileType = sourcecode.swift; path = WoodpeckersViewController.swift; sourceTree = "<group>"; };
		B0F86C03209B9A7F00EAA456 /* BirdsOfPreyViewController.swift */ = {isa = PBXFileReference; lastKnownFileType = sourcecode.swift; path = BirdsOfPreyViewController.swift; sourceTree = "<group>"; };
		B0FAD111209E0C0200CD486B /* northernFlicker.wav */ = {isa = PBXFileReference; lastKnownFileType = audio.wav; path = northernFlicker.wav; sourceTree = "<group>"; };
		B0FAD112209E0C0200CD486B /* redHeaded.wav */ = {isa = PBXFileReference; lastKnownFileType = audio.wav; path = redHeaded.wav; sourceTree = "<group>"; };
		B0FAD113209E0C0200CD486B /* redBellied.wav */ = {isa = PBXFileReference; lastKnownFileType = audio.wav; path = redBellied.wav; sourceTree = "<group>"; };
		B0FAD114209E0C0200CD486B /* tuftedTitmouse.wav */ = {isa = PBXFileReference; lastKnownFileType = audio.wav; path = tuftedTitmouse.wav; sourceTree = "<group>"; };
		B0FAD115209E0C0200CD486B /* greatHornedOwl.wav */ = {isa = PBXFileReference; lastKnownFileType = audio.wav; path = greatHornedOwl.wav; sourceTree = "<group>"; };
		B0FAD116209E0C0300CD486B /* americanKestrel.wav */ = {isa = PBXFileReference; lastKnownFileType = audio.wav; path = americanKestrel.wav; sourceTree = "<group>"; };
		B0FAD117209E0C0300CD486B /* barredOwl.wav */ = {isa = PBXFileReference; lastKnownFileType = audio.wav; path = barredOwl.wav; sourceTree = "<group>"; };
		B0FAD118209E0C0300CD486B /* chickadee.wav */ = {isa = PBXFileReference; lastKnownFileType = audio.wav; path = chickadee.wav; sourceTree = "<group>"; };
		B0FAD119209E0C0300CD486B /* downy.wav */ = {isa = PBXFileReference; lastKnownFileType = audio.wav; path = downy.wav; sourceTree = "<group>"; };
		B0FAD11A209E0C0300CD486B /* hairy.wav */ = {isa = PBXFileReference; lastKnownFileType = audio.wav; path = hairy.wav; sourceTree = "<group>"; };
		B0FAD11B209E0C0300CD486B /* peregrineFalcon.wav */ = {isa = PBXFileReference; lastKnownFileType = audio.wav; path = peregrineFalcon.wav; sourceTree = "<group>"; };
		B0FAD11C209E0C0300CD486B /* pileated.wav */ = {isa = PBXFileReference; lastKnownFileType = audio.wav; path = pileated.wav; sourceTree = "<group>"; };
/* End PBXFileReference section */

/* Begin PBXFrameworksBuildPhase section */
		05CB8F6D2091165100AB7E13 /* Frameworks */ = {
			isa = PBXFrameworksBuildPhase;
			buildActionMask = 2147483647;
			files = (
			);
			runOnlyForDeploymentPostprocessing = 0;
		};
/* End PBXFrameworksBuildPhase section */

/* Begin PBXGroup section */
		05CB8F672091165100AB7E13 = {
			isa = PBXGroup;
			children = (
				05CB8F722091165100AB7E13 /* WordOfTheBird */,
				B0C48D2920925D8700A655AB /* Sounds */,
				05CB8F712091165100AB7E13 /* Products */,
			);
			sourceTree = "<group>";
		};
		05CB8F712091165100AB7E13 /* Products */ = {
			isa = PBXGroup;
			children = (
				05CB8F702091165100AB7E13 /* WordOfTheBird.app */,
			);
			name = Products;
			sourceTree = "<group>";
		};
		05CB8F722091165100AB7E13 /* WordOfTheBird */ = {
			isa = PBXGroup;
			children = (
				05CB8F772091165100AB7E13 /* Main.storyboard */,
				05CB8F732091165100AB7E13 /* AppDelegate.swift */,
				05CB8F7A2091165200AB7E13 /* Assets.xcassets */,
				05CB8F7C2091165200AB7E13 /* LaunchScreen.storyboard */,
				05CB8F7F2091165200AB7E13 /* Info.plist */,
				05FF76E3209CF47F001F678C /* View Controller */,
			);
			path = WordOfTheBird;
			sourceTree = "<group>";
		};
		05FF76E3209CF47F001F678C /* View Controller */ = {
			isa = PBXGroup;
			children = (
				B0F86C03209B9A7F00EAA456 /* BirdsOfPreyViewController.swift */,
				B0C240F5209B8A8B00A63E83 /* MenuViewController.swift */,
				05CB8F752091165100AB7E13 /* SongBirdsViewController.swift */,
				0550425B209CDF86008BF35C /* WebViewController.swift */,
				B0F86C01209B9A6900EAA456 /* WoodpeckersViewController.swift */,
			);
			path = "View Controller";
			sourceTree = "<group>";
		};
		B0C48D2920925D8700A655AB /* Sounds */ = {
			isa = PBXGroup;
			children = (
				B0FAD116209E0C0300CD486B /* americanKestrel.wav */,
				B0C48D2E20925D8700A655AB /* baldEagle.wav */,
				B0FAD117209E0C0300CD486B /* barredOwl.wav */,
				B0FAD118209E0C0300CD486B /* chickadee.wav */,
				B0C48D2B20925D8700A655AB /* blueJay.wav */,
				B0C48D2F20925D8700A655AB /* cardinal.wav */,
				B0FAD119209E0C0300CD486B /* downy.wav */,
				B0C48D2D20925D8700A655AB /* goldFinch.wav */,
				B0FAD115209E0C0200CD486B /* greatHornedOwl.wav */,
				B0FAD11A209E0C0300CD486B /* hairy.wav */,
				B0C48D2A20925D8700A655AB /* houseFinch.wav */,
				B0FAD111209E0C0200CD486B /* northernFlicker.wav */,
				B0FAD11B209E0C0300CD486B /* peregrineFalcon.wav */,
				B0FAD11C209E0C0300CD486B /* pileated.wav */,
				B0FAD113209E0C0200CD486B /* redBellied.wav */,
				B0FAD112209E0C0200CD486B /* redHeaded.wav */,
				B0C48D2C20925D8700A655AB /* redTailedHawk.wav */,
				B0FAD114209E0C0200CD486B /* tuftedTitmouse.wav */,
			);
			path = Sounds;
			sourceTree = "<group>";
		};
/* End PBXGroup section */

/* Begin PBXNativeTarget section */
		05CB8F6F2091165100AB7E13 /* WordOfTheBird */ = {
			isa = PBXNativeTarget;
			buildConfigurationList = 05CB8F822091165200AB7E13 /* Build configuration list for PBXNativeTarget "WordOfTheBird" */;
			buildPhases = (
				05CB8F6C2091165100AB7E13 /* Sources */,
				05CB8F6D2091165100AB7E13 /* Frameworks */,
				05CB8F6E2091165100AB7E13 /* Resources */,
			);
			buildRules = (
			);
			dependencies = (
			);
			name = WordOfTheBird;
			productName = WordOfTheBird;
			productReference = 05CB8F702091165100AB7E13 /* WordOfTheBird.app */;
			productType = "com.apple.product-type.application";
		};
/* End PBXNativeTarget section */

/* Begin PBXProject section */
		05CB8F682091165100AB7E13 /* Project object */ = {
			isa = PBXProject;
			attributes = {
				LastSwiftUpdateCheck = 0930;
				LastUpgradeCheck = 0930;
				ORGANIZATIONNAME = "Banana Viking";
				TargetAttributes = {
					05CB8F6F2091165100AB7E13 = {
						CreatedOnToolsVersion = 9.3;
					};
				};
			};
			buildConfigurationList = 05CB8F6B2091165100AB7E13 /* Build configuration list for PBXProject "WordOfTheBird" */;
			compatibilityVersion = "Xcode 9.3";
			developmentRegion = en;
			hasScannedForEncodings = 0;
			knownRegions = (
				en,
				Base,
			);
			mainGroup = 05CB8F672091165100AB7E13;
			productRefGroup = 05CB8F712091165100AB7E13 /* Products */;
			projectDirPath = "";
			projectRoot = "";
			targets = (
				05CB8F6F2091165100AB7E13 /* WordOfTheBird */,
			);
		};
/* End PBXProject section */

/* Begin PBXResourcesBuildPhase section */
		05CB8F6E2091165100AB7E13 /* Resources */ = {
			isa = PBXResourcesBuildPhase;
			buildActionMask = 2147483647;
			files = (
				B0C48D3220925D8700A655AB /* redTailedHawk.wav in Resources */,
				B0FAD122209E0C0300CD486B /* americanKestrel.wav in Resources */,
				05CB8F7E2091165200AB7E13 /* LaunchScreen.storyboard in Resources */,
				B0FAD127209E0C0300CD486B /* peregrineFalcon.wav in Resources */,
				B0C48D3420925D8700A655AB /* baldEagle.wav in Resources */,
				B0C48D3120925D8700A655AB /* blueJay.wav in Resources */,
				B0FAD128209E0C0300CD486B /* pileated.wav in Resources */,
				05CB8F7B2091165200AB7E13 /* Assets.xcassets in Resources */,
				B0C48D3520925D8700A655AB /* cardinal.wav in Resources */,
				B0FAD125209E0C0300CD486B /* downy.wav in Resources */,
				B0FAD124209E0C0300CD486B /* chickadee.wav in Resources */,
				B0C48D3320925D8700A655AB /* goldFinch.wav in Resources */,
				B0FAD11F209E0C0300CD486B /* redBellied.wav in Resources */,
				B0C48D3020925D8700A655AB /* houseFinch.wav in Resources */,
				B0FAD120209E0C0300CD486B /* tuftedTitmouse.wav in Resources */,
				B0FAD123209E0C0300CD486B /* barredOwl.wav in Resources */,
				B0FAD11E209E0C0300CD486B /* redHeaded.wav in Resources */,
				B0FAD121209E0C0300CD486B /* greatHornedOwl.wav in Resources */,
				05CB8F792091165100AB7E13 /* Main.storyboard in Resources */,
				B0FAD11D209E0C0300CD486B /* northernFlicker.wav in Resources */,
				B0FAD126209E0C0300CD486B /* hairy.wav in Resources */,
			);
			runOnlyForDeploymentPostprocessing = 0;
		};
/* End PBXResourcesBuildPhase section */

/* Begin PBXSourcesBuildPhase section */
		05CB8F6C2091165100AB7E13 /* Sources */ = {
			isa = PBXSourcesBuildPhase;
			buildActionMask = 2147483647;
			files = (
				05CB8F762091165100AB7E13 /* SongBirdsViewController.swift in Sources */,
				0550425C209CDF86008BF35C /* WebViewController.swift in Sources */,
				B0C240F6209B8A8B00A63E83 /* MenuViewController.swift in Sources */,
				05CB8F742091165100AB7E13 /* AppDelegate.swift in Sources */,
				B0F86C04209B9A7F00EAA456 /* BirdsOfPreyViewController.swift in Sources */,
				B0F86C02209B9A6900EAA456 /* WoodpeckersViewController.swift in Sources */,
			);
			runOnlyForDeploymentPostprocessing = 0;
		};
/* End PBXSourcesBuildPhase section */

/* Begin PBXVariantGroup section */
		05CB8F772091165100AB7E13 /* Main.storyboard */ = {
			isa = PBXVariantGroup;
			children = (
				05CB8F782091165100AB7E13 /* Base */,
			);
			name = Main.storyboard;
			sourceTree = "<group>";
		};
		05CB8F7C2091165200AB7E13 /* LaunchScreen.storyboard */ = {
			isa = PBXVariantGroup;
			children = (
				05CB8F7D2091165200AB7E13 /* Base */,
			);
			name = LaunchScreen.storyboard;
			sourceTree = "<group>";
		};
/* End PBXVariantGroup section */

/* Begin XCBuildConfiguration section */
		05CB8F802091165200AB7E13 /* Debug */ = {
			isa = XCBuildConfiguration;
			buildSettings = {
				ALWAYS_SEARCH_USER_PATHS = NO;
				CLANG_ANALYZER_NONNULL = YES;
				CLANG_ANALYZER_NUMBER_OBJECT_CONVERSION = YES_AGGRESSIVE;
				CLANG_CXX_LANGUAGE_STANDARD = "gnu++14";
				CLANG_CXX_LIBRARY = "libc++";
				CLANG_ENABLE_MODULES = YES;
				CLANG_ENABLE_OBJC_ARC = YES;
				CLANG_ENABLE_OBJC_WEAK = YES;
				CLANG_WARN_BLOCK_CAPTURE_AUTORELEASING = YES;
				CLANG_WARN_BOOL_CONVERSION = YES;
				CLANG_WARN_COMMA = YES;
				CLANG_WARN_CONSTANT_CONVERSION = YES;
				CLANG_WARN_DEPRECATED_OBJC_IMPLEMENTATIONS = YES;
				CLANG_WARN_DIRECT_OBJC_ISA_USAGE = YES_ERROR;
				CLANG_WARN_DOCUMENTATION_COMMENTS = YES;
				CLANG_WARN_EMPTY_BODY = YES;
				CLANG_WARN_ENUM_CONVERSION = YES;
				CLANG_WARN_INFINITE_RECURSION = YES;
				CLANG_WARN_INT_CONVERSION = YES;
				CLANG_WARN_NON_LITERAL_NULL_CONVERSION = YES;
				CLANG_WARN_OBJC_IMPLICIT_RETAIN_SELF = YES;
				CLANG_WARN_OBJC_LITERAL_CONVERSION = YES;
				CLANG_WARN_OBJC_ROOT_CLASS = YES_ERROR;
				CLANG_WARN_RANGE_LOOP_ANALYSIS = YES;
				CLANG_WARN_STRICT_PROTOTYPES = YES;
				CLANG_WARN_SUSPICIOUS_MOVE = YES;
				CLANG_WARN_UNGUARDED_AVAILABILITY = YES_AGGRESSIVE;
				CLANG_WARN_UNREACHABLE_CODE = YES;
				CLANG_WARN__DUPLICATE_METHOD_MATCH = YES;
				CODE_SIGN_IDENTITY = "iPhone Developer";
				COPY_PHASE_STRIP = NO;
				DEBUG_INFORMATION_FORMAT = dwarf;
				ENABLE_STRICT_OBJC_MSGSEND = YES;
				ENABLE_TESTABILITY = YES;
				GCC_C_LANGUAGE_STANDARD = gnu11;
				GCC_DYNAMIC_NO_PIC = NO;
				GCC_NO_COMMON_BLOCKS = YES;
				GCC_OPTIMIZATION_LEVEL = 0;
				GCC_PREPROCESSOR_DEFINITIONS = (
					"DEBUG=1",
					"$(inherited)",
				);
				GCC_WARN_64_TO_32_BIT_CONVERSION = YES;
				GCC_WARN_ABOUT_RETURN_TYPE = YES_ERROR;
				GCC_WARN_UNDECLARED_SELECTOR = YES;
				GCC_WARN_UNINITIALIZED_AUTOS = YES_AGGRESSIVE;
				GCC_WARN_UNUSED_FUNCTION = YES;
				GCC_WARN_UNUSED_VARIABLE = YES;
				IPHONEOS_DEPLOYMENT_TARGET = 11.3;
				MTL_ENABLE_DEBUG_INFO = YES;
				ONLY_ACTIVE_ARCH = YES;
				SDKROOT = iphoneos;
				SWIFT_ACTIVE_COMPILATION_CONDITIONS = DEBUG;
				SWIFT_OPTIMIZATION_LEVEL = "-Onone";
			};
			name = Debug;
		};
		05CB8F812091165200AB7E13 /* Release */ = {
			isa = XCBuildConfiguration;
			buildSettings = {
				ALWAYS_SEARCH_USER_PATHS = NO;
				CLANG_ANALYZER_NONNULL = YES;
				CLANG_ANALYZER_NUMBER_OBJECT_CONVERSION = YES_AGGRESSIVE;
				CLANG_CXX_LANGUAGE_STANDARD = "gnu++14";
				CLANG_CXX_LIBRARY = "libc++";
				CLANG_ENABLE_MODULES = YES;
				CLANG_ENABLE_OBJC_ARC = YES;
				CLANG_ENABLE_OBJC_WEAK = YES;
				CLANG_WARN_BLOCK_CAPTURE_AUTORELEASING = YES;
				CLANG_WARN_BOOL_CONVERSION = YES;
				CLANG_WARN_COMMA = YES;
				CLANG_WARN_CONSTANT_CONVERSION = YES;
				CLANG_WARN_DEPRECATED_OBJC_IMPLEMENTATIONS = YES;
				CLANG_WARN_DIRECT_OBJC_ISA_USAGE = YES_ERROR;
				CLANG_WARN_DOCUMENTATION_COMMENTS = YES;
				CLANG_WARN_EMPTY_BODY = YES;
				CLANG_WARN_ENUM_CONVERSION = YES;
				CLANG_WARN_INFINITE_RECURSION = YES;
				CLANG_WARN_INT_CONVERSION = YES;
				CLANG_WARN_NON_LITERAL_NULL_CONVERSION = YES;
				CLANG_WARN_OBJC_IMPLICIT_RETAIN_SELF = YES;
				CLANG_WARN_OBJC_LITERAL_CONVERSION = YES;
				CLANG_WARN_OBJC_ROOT_CLASS = YES_ERROR;
				CLANG_WARN_RANGE_LOOP_ANALYSIS = YES;
				CLANG_WARN_STRICT_PROTOTYPES = YES;
				CLANG_WARN_SUSPICIOUS_MOVE = YES;
				CLANG_WARN_UNGUARDED_AVAILABILITY = YES_AGGRESSIVE;
				CLANG_WARN_UNREACHABLE_CODE = YES;
				CLANG_WARN__DUPLICATE_METHOD_MATCH = YES;
				CODE_SIGN_IDENTITY = "iPhone Developer";
				COPY_PHASE_STRIP = NO;
				DEBUG_INFORMATION_FORMAT = "dwarf-with-dsym";
				ENABLE_NS_ASSERTIONS = NO;
				ENABLE_STRICT_OBJC_MSGSEND = YES;
				GCC_C_LANGUAGE_STANDARD = gnu11;
				GCC_NO_COMMON_BLOCKS = YES;
				GCC_WARN_64_TO_32_BIT_CONVERSION = YES;
				GCC_WARN_ABOUT_RETURN_TYPE = YES_ERROR;
				GCC_WARN_UNDECLARED_SELECTOR = YES;
				GCC_WARN_UNINITIALIZED_AUTOS = YES_AGGRESSIVE;
				GCC_WARN_UNUSED_FUNCTION = YES;
				GCC_WARN_UNUSED_VARIABLE = YES;
				IPHONEOS_DEPLOYMENT_TARGET = 11.3;
				MTL_ENABLE_DEBUG_INFO = NO;
				SDKROOT = iphoneos;
				SWIFT_COMPILATION_MODE = wholemodule;
				SWIFT_OPTIMIZATION_LEVEL = "-O";
				VALIDATE_PRODUCT = YES;
			};
			name = Release;
		};
		05CB8F832091165200AB7E13 /* Debug */ = {
			isa = XCBuildConfiguration;
			buildSettings = {
				ASSETCATALOG_COMPILER_APPICON_NAME = AppIcon;
				CODE_SIGN_STYLE = Automatic;
				DEVELOPMENT_TEAM = 7YNF79H478;
				INFOPLIST_FILE = WordOfTheBird/Info.plist;
				LD_RUNPATH_SEARCH_PATHS = (
					"$(inherited)",
					"@executable_path/Frameworks",
				);
				PRODUCT_BUNDLE_IDENTIFIER = com.bananaviking.WordOfTheBird;
				PRODUCT_NAME = "$(TARGET_NAME)";
				SWIFT_VERSION = 4.0;
				TARGETED_DEVICE_FAMILY = "1,2";
			};
			name = Debug;
		};
		05CB8F842091165200AB7E13 /* Release */ = {
			isa = XCBuildConfiguration;
			buildSettings = {
				ASSETCATALOG_COMPILER_APPICON_NAME = AppIcon;
				CODE_SIGN_STYLE = Automatic;
				DEVELOPMENT_TEAM = 7YNF79H478;
				INFOPLIST_FILE = WordOfTheBird/Info.plist;
				LD_RUNPATH_SEARCH_PATHS = (
					"$(inherited)",
					"@executable_path/Frameworks",
				);
				PRODUCT_BUNDLE_IDENTIFIER = com.bananaviking.WordOfTheBird;
				PRODUCT_NAME = "$(TARGET_NAME)";
				SWIFT_VERSION = 4.0;
				TARGETED_DEVICE_FAMILY = "1,2";
			};
			name = Release;
		};
/* End XCBuildConfiguration section */

/* Begin XCConfigurationList section */
		05CB8F6B2091165100AB7E13 /* Build configuration list for PBXProject "WordOfTheBird" */ = {
			isa = XCConfigurationList;
			buildConfigurations = (
				05CB8F802091165200AB7E13 /* Debug */,
				05CB8F812091165200AB7E13 /* Release */,
			);
			defaultConfigurationIsVisible = 0;
			defaultConfigurationName = Release;
		};
		05CB8F822091165200AB7E13 /* Build configuration list for PBXNativeTarget "WordOfTheBird" */ = {
			isa = XCConfigurationList;
			buildConfigurations = (
				05CB8F832091165200AB7E13 /* Debug */,
				05CB8F842091165200AB7E13 /* Release */,
			);
			defaultConfigurationIsVisible = 0;
			defaultConfigurationName = Release;
		};
/* End XCConfigurationList section */
	};
	rootObject = 05CB8F682091165100AB7E13 /* Project object */;
}
