// !$*UTF8*$!
{
	archiveVersion = 1;
	classes = {
	};
	objectVersion = 50;
	objects = {

/* Begin PBXBuildFile section */
		0564938320BDD2A10019DA53 /* MenuViewController.swift in Sources */ = {isa = PBXBuildFile; fileRef = 0564938220BDD2A10019DA53 /* MenuViewController.swift */; };
		05CB8F742091165100AB7E13 /* AppDelegate.swift in Sources */ = {isa = PBXBuildFile; fileRef = 05CB8F732091165100AB7E13 /* AppDelegate.swift */; };
		05CB8F792091165100AB7E13 /* Main.storyboard in Resources */ = {isa = PBXBuildFile; fileRef = 05CB8F772091165100AB7E13 /* Main.storyboard */; };
		05CB8F7B2091165200AB7E13 /* Assets.xcassets in Resources */ = {isa = PBXBuildFile; fileRef = 05CB8F7A2091165200AB7E13 /* Assets.xcassets */; };
		05CB8F7E2091165200AB7E13 /* LaunchScreen.storyboard in Resources */ = {isa = PBXBuildFile; fileRef = 05CB8F7C2091165200AB7E13 /* LaunchScreen.storyboard */; };
		B02FA39820D4477400172A65 /* BirdDetailViewController.swift in Sources */ = {isa = PBXBuildFile; fileRef = B02FA39720D4477400172A65 /* BirdDetailViewController.swift */; };
		B02FA39A20D4477E00172A65 /* BirdDetailDataViewController.swift in Sources */ = {isa = PBXBuildFile; fileRef = B02FA39920D4477E00172A65 /* BirdDetailDataViewController.swift */; };
		B0C0136220C8585900784C3B /* BirdsViewController.swift in Sources */ = {isa = PBXBuildFile; fileRef = B0C0136120C8585900784C3B /* BirdsViewController.swift */; };
		B0C9481620D3D5A2007E102A /* greatHornedOwlCall0.wav in Resources */ = {isa = PBXBuildFile; fileRef = B0C9480420D3D5A1007E102A /* greatHornedOwlCall0.wav */; };
		B0C9481720D3D5A2007E102A /* houseFinchCall0.wav in Resources */ = {isa = PBXBuildFile; fileRef = B0C9480520D3D5A1007E102A /* houseFinchCall0.wav */; };
		B0C9481820D3D5A2007E102A /* redBelliedWoodpeckerCall0.wav in Resources */ = {isa = PBXBuildFile; fileRef = B0C9480620D3D5A1007E102A /* redBelliedWoodpeckerCall0.wav */; };
		B0C9481920D3D5A2007E102A /* tuftedTitmouseCall0.wav in Resources */ = {isa = PBXBuildFile; fileRef = B0C9480720D3D5A1007E102A /* tuftedTitmouseCall0.wav */; };
		B0C9481A20D3D5A2007E102A /* americanGoldfinchCall0.wav in Resources */ = {isa = PBXBuildFile; fileRef = B0C9480820D3D5A1007E102A /* americanGoldfinchCall0.wav */; };
		B0C9481B20D3D5A2007E102A /* peregrineFalconCall0.wav in Resources */ = {isa = PBXBuildFile; fileRef = B0C9480920D3D5A1007E102A /* peregrineFalconCall0.wav */; };
		B0C9481C20D3D5A2007E102A /* hairyWoodpeckerCall0.wav in Resources */ = {isa = PBXBuildFile; fileRef = B0C9480A20D3D5A1007E102A /* hairyWoodpeckerCall0.wav */; };
		B0C9481D20D3D5A2007E102A /* pileatedWoodpeckerCall0.wav in Resources */ = {isa = PBXBuildFile; fileRef = B0C9480B20D3D5A1007E102A /* pileatedWoodpeckerCall0.wav */; };
		B0C9481E20D3D5A2007E102A /* redTailedHawkCall0.wav in Resources */ = {isa = PBXBuildFile; fileRef = B0C9480C20D3D5A1007E102A /* redTailedHawkCall0.wav */; };
		B0C9481F20D3D5A2007E102A /* cardinalCall0.wav in Resources */ = {isa = PBXBuildFile; fileRef = B0C9480D20D3D5A1007E102A /* cardinalCall0.wav */; };
		B0C9482020D3D5A2007E102A /* americanKestrelCall0.wav in Resources */ = {isa = PBXBuildFile; fileRef = B0C9480E20D3D5A2007E102A /* americanKestrelCall0.wav */; };
		B0C9482120D3D5A2007E102A /* redHeadedWoodpeckerCall0.wav in Resources */ = {isa = PBXBuildFile; fileRef = B0C9480F20D3D5A2007E102A /* redHeadedWoodpeckerCall0.wav */; };
		B0C9482220D3D5A2007E102A /* blackCappedChickadeeCall0.wav in Resources */ = {isa = PBXBuildFile; fileRef = B0C9481020D3D5A2007E102A /* blackCappedChickadeeCall0.wav */; };
		B0C9482320D3D5A2007E102A /* baldEagleCall0.wav in Resources */ = {isa = PBXBuildFile; fileRef = B0C9481120D3D5A2007E102A /* baldEagleCall0.wav */; };
		B0C9482420D3D5A2007E102A /* downyWoodpeckerCall0.wav in Resources */ = {isa = PBXBuildFile; fileRef = B0C9481220D3D5A2007E102A /* downyWoodpeckerCall0.wav */; };
		B0C9482520D3D5A2007E102A /* northernFlickerCall0.wav in Resources */ = {isa = PBXBuildFile; fileRef = B0C9481320D3D5A2007E102A /* northernFlickerCall0.wav */; };
		B0C9482620D3D5A2007E102A /* blueJayCall0.wav in Resources */ = {isa = PBXBuildFile; fileRef = B0C9481420D3D5A2007E102A /* blueJayCall0.wav */; };
		B0C9482720D3D5A2007E102A /* barredOwlCall0.wav in Resources */ = {isa = PBXBuildFile; fileRef = B0C9481520D3D5A2007E102A /* barredOwlCall0.wav */; };
		B0FEA9F020D186F30061599D /* Bird.swift in Sources */ = {isa = PBXBuildFile; fileRef = B0FEA9EF20D186F30061599D /* Bird.swift */; };
/* End PBXBuildFile section */

/* Begin PBXFileReference section */
		0564938220BDD2A10019DA53 /* MenuViewController.swift */ = {isa = PBXFileReference; lastKnownFileType = sourcecode.swift; name = MenuViewController.swift; path = ../MenuViewController.swift; sourceTree = "<group>"; };
		05CB8F702091165100AB7E13 /* WordOfTheBird.app */ = {isa = PBXFileReference; explicitFileType = wrapper.application; includeInIndex = 0; path = WordOfTheBird.app; sourceTree = BUILT_PRODUCTS_DIR; };
		05CB8F732091165100AB7E13 /* AppDelegate.swift */ = {isa = PBXFileReference; lastKnownFileType = sourcecode.swift; path = AppDelegate.swift; sourceTree = "<group>"; };
		05CB8F782091165100AB7E13 /* Base */ = {isa = PBXFileReference; lastKnownFileType = file.storyboard; name = Base; path = Base.lproj/Main.storyboard; sourceTree = "<group>"; };
		05CB8F7A2091165200AB7E13 /* Assets.xcassets */ = {isa = PBXFileReference; lastKnownFileType = folder.assetcatalog; path = Assets.xcassets; sourceTree = "<group>"; };
		05CB8F7D2091165200AB7E13 /* Base */ = {isa = PBXFileReference; lastKnownFileType = file.storyboard; name = Base; path = Base.lproj/LaunchScreen.storyboard; sourceTree = "<group>"; };
		05CB8F7F2091165200AB7E13 /* Info.plist */ = {isa = PBXFileReference; lastKnownFileType = text.plist.xml; path = Info.plist; sourceTree = "<group>"; };
		B02FA39720D4477400172A65 /* BirdDetailViewController.swift */ = {isa = PBXFileReference; fileEncoding = 4; lastKnownFileType = sourcecode.swift; path = BirdDetailViewController.swift; sourceTree = "<group>"; };
		B02FA39920D4477E00172A65 /* BirdDetailDataViewController.swift */ = {isa = PBXFileReference; fileEncoding = 4; lastKnownFileType = sourcecode.swift; path = BirdDetailDataViewController.swift; sourceTree = "<group>"; };
		B0C0136120C8585900784C3B /* BirdsViewController.swift */ = {isa = PBXFileReference; lastKnownFileType = sourcecode.swift; path = BirdsViewController.swift; sourceTree = "<group>"; };
		B0C9480420D3D5A1007E102A /* greatHornedOwlCall0.wav */ = {isa = PBXFileReference; lastKnownFileType = audio.wav; path = greatHornedOwlCall0.wav; sourceTree = "<group>"; };
		B0C9480520D3D5A1007E102A /* houseFinchCall0.wav */ = {isa = PBXFileReference; lastKnownFileType = audio.wav; path = houseFinchCall0.wav; sourceTree = "<group>"; };
		B0C9480620D3D5A1007E102A /* redBelliedWoodpeckerCall0.wav */ = {isa = PBXFileReference; lastKnownFileType = audio.wav; path = redBelliedWoodpeckerCall0.wav; sourceTree = "<group>"; };
		B0C9480720D3D5A1007E102A /* tuftedTitmouseCall0.wav */ = {isa = PBXFileReference; lastKnownFileType = audio.wav; path = tuftedTitmouseCall0.wav; sourceTree = "<group>"; };
		B0C9480820D3D5A1007E102A /* americanGoldfinchCall0.wav */ = {isa = PBXFileReference; lastKnownFileType = audio.wav; path = americanGoldfinchCall0.wav; sourceTree = "<group>"; };
		B0C9480920D3D5A1007E102A /* peregrineFalconCall0.wav */ = {isa = PBXFileReference; lastKnownFileType = audio.wav; path = peregrineFalconCall0.wav; sourceTree = "<group>"; };
		B0C9480A20D3D5A1007E102A /* hairyWoodpeckerCall0.wav */ = {isa = PBXFileReference; lastKnownFileType = audio.wav; path = hairyWoodpeckerCall0.wav; sourceTree = "<group>"; };
		B0C9480B20D3D5A1007E102A /* pileatedWoodpeckerCall0.wav */ = {isa = PBXFileReference; lastKnownFileType = audio.wav; path = pileatedWoodpeckerCall0.wav; sourceTree = "<group>"; };
		B0C9480C20D3D5A1007E102A /* redTailedHawkCall0.wav */ = {isa = PBXFileReference; lastKnownFileType = audio.wav; path = redTailedHawkCall0.wav; sourceTree = "<group>"; };
		B0C9480D20D3D5A1007E102A /* cardinalCall0.wav */ = {isa = PBXFileReference; lastKnownFileType = audio.wav; path = cardinalCall0.wav; sourceTree = "<group>"; };
		B0C9480E20D3D5A2007E102A /* americanKestrelCall0.wav */ = {isa = PBXFileReference; lastKnownFileType = audio.wav; path = americanKestrelCall0.wav; sourceTree = "<group>"; };
		B0C9480F20D3D5A2007E102A /* redHeadedWoodpeckerCall0.wav */ = {isa = PBXFileReference; lastKnownFileType = audio.wav; path = redHeadedWoodpeckerCall0.wav; sourceTree = "<group>"; };
		B0C9481020D3D5A2007E102A /* blackCappedChickadeeCall0.wav */ = {isa = PBXFileReference; lastKnownFileType = audio.wav; path = blackCappedChickadeeCall0.wav; sourceTree = "<group>"; };
		B0C9481120D3D5A2007E102A /* baldEagleCall0.wav */ = {isa = PBXFileReference; lastKnownFileType = audio.wav; path = baldEagleCall0.wav; sourceTree = "<group>"; };
		B0C9481220D3D5A2007E102A /* downyWoodpeckerCall0.wav */ = {isa = PBXFileReference; lastKnownFileType = audio.wav; path = downyWoodpeckerCall0.wav; sourceTree = "<group>"; };
		B0C9481320D3D5A2007E102A /* northernFlickerCall0.wav */ = {isa = PBXFileReference; lastKnownFileType = audio.wav; path = northernFlickerCall0.wav; sourceTree = "<group>"; };
		B0C9481420D3D5A2007E102A /* blueJayCall0.wav */ = {isa = PBXFileReference; lastKnownFileType = audio.wav; path = blueJayCall0.wav; sourceTree = "<group>"; };
		B0C9481520D3D5A2007E102A /* barredOwlCall0.wav */ = {isa = PBXFileReference; lastKnownFileType = audio.wav; path = barredOwlCall0.wav; sourceTree = "<group>"; };
		B0FEA9EF20D186F30061599D /* Bird.swift */ = {isa = PBXFileReference; lastKnownFileType = sourcecode.swift; path = Bird.swift; sourceTree = "<group>"; };
/* End PBXFileReference section */

/* Begin PBXFrameworksBuildPhase section */
		05CB8F6D2091165100AB7E13 /* Frameworks */ = {
			isa = PBXFrameworksBuildPhase;
			buildActionMask = 2147483647;
			files = (
			);
			runOnlyForDeploymentPostprocessing = 0;
		};
/* End PBXFrameworksBuildPhase section */

/* Begin PBXGroup section */
		05CB8F672091165100AB7E13 = {
			isa = PBXGroup;
			children = (
				05CB8F722091165100AB7E13 /* WordOfTheBird */,
				B0C48D2920925D8700A655AB /* Sounds */,
				05CB8F712091165100AB7E13 /* Products */,
			);
			sourceTree = "<group>";
		};
		05CB8F712091165100AB7E13 /* Products */ = {
			isa = PBXGroup;
			children = (
				05CB8F702091165100AB7E13 /* WordOfTheBird.app */,
			);
			name = Products;
			sourceTree = "<group>";
		};
		05CB8F722091165100AB7E13 /* WordOfTheBird */ = {
			isa = PBXGroup;
			children = (
				05CB8F772091165100AB7E13 /* Main.storyboard */,
				05CB8F732091165100AB7E13 /* AppDelegate.swift */,
				05CB8F7A2091165200AB7E13 /* Assets.xcassets */,
				05CB8F7C2091165200AB7E13 /* LaunchScreen.storyboard */,
				05CB8F7F2091165200AB7E13 /* Info.plist */,
				05FF76E3209CF47F001F678C /* View Controllers */,
				B0FEA9F120D186F90061599D /* Data Models */,
			);
			path = WordOfTheBird;
			sourceTree = "<group>";
		};
		05FF76E3209CF47F001F678C /* View Controllers */ = {
			isa = PBXGroup;
			children = (
				0564938220BDD2A10019DA53 /* MenuViewController.swift */,
				B0C0136120C8585900784C3B /* BirdsViewController.swift */,
				B02FA39720D4477400172A65 /* BirdDetailViewController.swift */,
				B02FA39920D4477E00172A65 /* BirdDetailDataViewController.swift */,
			);
			path = "View Controllers";
			sourceTree = "<group>";
		};
		B0C48D2920925D8700A655AB /* Sounds */ = {
			isa = PBXGroup;
			children = (
				B0C9480820D3D5A1007E102A /* americanGoldfinchCall0.wav */,
				B0C9480E20D3D5A2007E102A /* americanKestrelCall0.wav */,
				B0C9481120D3D5A2007E102A /* baldEagleCall0.wav */,
				B0C9481520D3D5A2007E102A /* barredOwlCall0.wav */,
				B0C9481020D3D5A2007E102A /* blackCappedChickadeeCall0.wav */,
				B0C9481420D3D5A2007E102A /* blueJayCall0.wav */,
				B0C9480D20D3D5A1007E102A /* cardinalCall0.wav */,
				B0C9481220D3D5A2007E102A /* downyWoodpeckerCall0.wav */,
				B0C9480420D3D5A1007E102A /* greatHornedOwlCall0.wav */,
				B0C9480A20D3D5A1007E102A /* hairyWoodpeckerCall0.wav */,
				B0C9480520D3D5A1007E102A /* houseFinchCall0.wav */,
				B0C9481320D3D5A2007E102A /* northernFlickerCall0.wav */,
				B0C9480920D3D5A1007E102A /* peregrineFalconCall0.wav */,
				B0C9480B20D3D5A1007E102A /* pileatedWoodpeckerCall0.wav */,
				B0C9480620D3D5A1007E102A /* redBelliedWoodpeckerCall0.wav */,
				B0C9480F20D3D5A2007E102A /* redHeadedWoodpeckerCall0.wav */,
				B0C9480C20D3D5A1007E102A /* redTailedHawkCall0.wav */,
				B0C9480720D3D5A1007E102A /* tuftedTitmouseCall0.wav */,
			);
			path = Sounds;
			sourceTree = "<group>";
		};
		B0FEA9F120D186F90061599D /* Data Models */ = {
			isa = PBXGroup;
			children = (
				B0FEA9EF20D186F30061599D /* Bird.swift */,
			);
			path = "Data Models";
			sourceTree = "<group>";
		};
/* End PBXGroup section */

/* Begin PBXNativeTarget section */
		05CB8F6F2091165100AB7E13 /* WordOfTheBird */ = {
			isa = PBXNativeTarget;
			buildConfigurationList = 05CB8F822091165200AB7E13 /* Build configuration list for PBXNativeTarget "WordOfTheBird" */;
			buildPhases = (
				05CB8F6C2091165100AB7E13 /* Sources */,
				05CB8F6D2091165100AB7E13 /* Frameworks */,
				05CB8F6E2091165100AB7E13 /* Resources */,
			);
			buildRules = (
			);
			dependencies = (
			);
			name = WordOfTheBird;
			productName = WordOfTheBird;
			productReference = 05CB8F702091165100AB7E13 /* WordOfTheBird.app */;
			productType = "com.apple.product-type.application";
		};
/* End PBXNativeTarget section */

/* Begin PBXProject section */
		05CB8F682091165100AB7E13 /* Project object */ = {
			isa = PBXProject;
			attributes = {
				LastSwiftUpdateCheck = 0930;
				LastUpgradeCheck = 0930;
				ORGANIZATIONNAME = "Banana Viking";
				TargetAttributes = {
					05CB8F6F2091165100AB7E13 = {
						CreatedOnToolsVersion = 9.3;
					};
				};
			};
			buildConfigurationList = 05CB8F6B2091165100AB7E13 /* Build configuration list for PBXProject "WordOfTheBird" */;
			compatibilityVersion = "Xcode 9.3";
			developmentRegion = en;
			hasScannedForEncodings = 0;
			knownRegions = (
				en,
				Base,
			);
			mainGroup = 05CB8F672091165100AB7E13;
			productRefGroup = 05CB8F712091165100AB7E13 /* Products */;
			projectDirPath = "";
			projectRoot = "";
			targets = (
				05CB8F6F2091165100AB7E13 /* WordOfTheBird */,
			);
		};
/* End PBXProject section */

/* Begin PBXResourcesBuildPhase section */
		05CB8F6E2091165100AB7E13 /* Resources */ = {
			isa = PBXResourcesBuildPhase;
			buildActionMask = 2147483647;
			files = (
				B0C9482720D3D5A2007E102A /* barredOwlCall0.wav in Resources */,
				B0C9482220D3D5A2007E102A /* blackCappedChickadeeCall0.wav in Resources */,
				B0C9481F20D3D5A2007E102A /* cardinalCall0.wav in Resources */,
				B0C9482420D3D5A2007E102A /* downyWoodpeckerCall0.wav in Resources */,
				B0C9481B20D3D5A2007E102A /* peregrineFalconCall0.wav in Resources */,
				B0C9481A20D3D5A2007E102A /* americanGoldfinchCall0.wav in Resources */,
				B0C9481C20D3D5A2007E102A /* hairyWoodpeckerCall0.wav in Resources */,
				B0C9482020D3D5A2007E102A /* americanKestrelCall0.wav in Resources */,
				B0C9482320D3D5A2007E102A /* baldEagleCall0.wav in Resources */,
				B0C9482620D3D5A2007E102A /* blueJayCall0.wav in Resources */,
				B0C9481E20D3D5A2007E102A /* redTailedHawkCall0.wav in Resources */,
				B0C9481620D3D5A2007E102A /* greatHornedOwlCall0.wav in Resources */,
				05CB8F7E2091165200AB7E13 /* LaunchScreen.storyboard in Resources */,
				B0C9481820D3D5A2007E102A /* redBelliedWoodpeckerCall0.wav in Resources */,
				B0C9482520D3D5A2007E102A /* northernFlickerCall0.wav in Resources */,
				B0C9481D20D3D5A2007E102A /* pileatedWoodpeckerCall0.wav in Resources */,
				B0C9481720D3D5A2007E102A /* houseFinchCall0.wav in Resources */,
				05CB8F7B2091165200AB7E13 /* Assets.xcassets in Resources */,
				05CB8F792091165100AB7E13 /* Main.storyboard in Resources */,
				B0C9481920D3D5A2007E102A /* tuftedTitmouseCall0.wav in Resources */,
				B0C9482120D3D5A2007E102A /* redHeadedWoodpeckerCall0.wav in Resources */,
			);
			runOnlyForDeploymentPostprocessing = 0;
		};
/* End PBXResourcesBuildPhase section */

/* Begin PBXSourcesBuildPhase section */
		05CB8F6C2091165100AB7E13 /* Sources */ = {
			isa = PBXSourcesBuildPhase;
			buildActionMask = 2147483647;
			files = (
				B02FA39A20D4477E00172A65 /* BirdDetailDataViewController.swift in Sources */,
				0564938320BDD2A10019DA53 /* MenuViewController.swift in Sources */,
				B0C0136220C8585900784C3B /* BirdsViewController.swift in Sources */,
				B02FA39820D4477400172A65 /* BirdDetailViewController.swift in Sources */,
				05CB8F742091165100AB7E13 /* AppDelegate.swift in Sources */,
				B0FEA9F020D186F30061599D /* Bird.swift in Sources */,
			);
			runOnlyForDeploymentPostprocessing = 0;
		};
/* End PBXSourcesBuildPhase section */

/* Begin PBXVariantGroup section */
		05CB8F772091165100AB7E13 /* Main.storyboard */ = {
			isa = PBXVariantGroup;
			children = (
				05CB8F782091165100AB7E13 /* Base */,
			);
			name = Main.storyboard;
			sourceTree = "<group>";
		};
		05CB8F7C2091165200AB7E13 /* LaunchScreen.storyboard */ = {
			isa = PBXVariantGroup;
			children = (
				05CB8F7D2091165200AB7E13 /* Base */,
			);
			name = LaunchScreen.storyboard;
			sourceTree = "<group>";
		};
/* End PBXVariantGroup section */

/* Begin XCBuildConfiguration section */
		05CB8F802091165200AB7E13 /* Debug */ = {
			isa = XCBuildConfiguration;
			buildSettings = {
				ALWAYS_SEARCH_USER_PATHS = NO;
				CLANG_ANALYZER_NONNULL = YES;
				CLANG_ANALYZER_NUMBER_OBJECT_CONVERSION = YES_AGGRESSIVE;
				CLANG_CXX_LANGUAGE_STANDARD = "gnu++14";
				CLANG_CXX_LIBRARY = "libc++";
				CLANG_ENABLE_MODULES = YES;
				CLANG_ENABLE_OBJC_ARC = YES;
				CLANG_ENABLE_OBJC_WEAK = YES;
				CLANG_WARN_BLOCK_CAPTURE_AUTORELEASING = YES;
				CLANG_WARN_BOOL_CONVERSION = YES;
				CLANG_WARN_COMMA = YES;
				CLANG_WARN_CONSTANT_CONVERSION = YES;
				CLANG_WARN_DEPRECATED_OBJC_IMPLEMENTATIONS = YES;
				CLANG_WARN_DIRECT_OBJC_ISA_USAGE = YES_ERROR;
				CLANG_WARN_DOCUMENTATION_COMMENTS = YES;
				CLANG_WARN_EMPTY_BODY = YES;
				CLANG_WARN_ENUM_CONVERSION = YES;
				CLANG_WARN_INFINITE_RECURSION = YES;
				CLANG_WARN_INT_CONVERSION = YES;
				CLANG_WARN_NON_LITERAL_NULL_CONVERSION = YES;
				CLANG_WARN_OBJC_IMPLICIT_RETAIN_SELF = YES;
				CLANG_WARN_OBJC_LITERAL_CONVERSION = YES;
				CLANG_WARN_OBJC_ROOT_CLASS = YES_ERROR;
				CLANG_WARN_RANGE_LOOP_ANALYSIS = YES;
				CLANG_WARN_STRICT_PROTOTYPES = YES;
				CLANG_WARN_SUSPICIOUS_MOVE = YES;
				CLANG_WARN_UNGUARDED_AVAILABILITY = YES_AGGRESSIVE;
				CLANG_WARN_UNREACHABLE_CODE = YES;
				CLANG_WARN__DUPLICATE_METHOD_MATCH = YES;
				CODE_SIGN_IDENTITY = "iPhone Developer";
				COPY_PHASE_STRIP = NO;
				DEBUG_INFORMATION_FORMAT = dwarf;
				ENABLE_STRICT_OBJC_MSGSEND = YES;
				ENABLE_TESTABILITY = YES;
				GCC_C_LANGUAGE_STANDARD = gnu11;
				GCC_DYNAMIC_NO_PIC = NO;
				GCC_NO_COMMON_BLOCKS = YES;
				GCC_OPTIMIZATION_LEVEL = 0;
				GCC_PREPROCESSOR_DEFINITIONS = (
					"DEBUG=1",
					"$(inherited)",
				);
				GCC_WARN_64_TO_32_BIT_CONVERSION = YES;
				GCC_WARN_ABOUT_RETURN_TYPE = YES_ERROR;
				GCC_WARN_UNDECLARED_SELECTOR = YES;
				GCC_WARN_UNINITIALIZED_AUTOS = YES_AGGRESSIVE;
				GCC_WARN_UNUSED_FUNCTION = YES;
				GCC_WARN_UNUSED_VARIABLE = YES;
				IPHONEOS_DEPLOYMENT_TARGET = 11.3;
				MTL_ENABLE_DEBUG_INFO = YES;
				ONLY_ACTIVE_ARCH = YES;
				SDKROOT = iphoneos;
				SWIFT_ACTIVE_COMPILATION_CONDITIONS = DEBUG;
				SWIFT_OPTIMIZATION_LEVEL = "-Onone";
			};
			name = Debug;
		};
		05CB8F812091165200AB7E13 /* Release */ = {
			isa = XCBuildConfiguration;
			buildSettings = {
				ALWAYS_SEARCH_USER_PATHS = NO;
				CLANG_ANALYZER_NONNULL = YES;
				CLANG_ANALYZER_NUMBER_OBJECT_CONVERSION = YES_AGGRESSIVE;
				CLANG_CXX_LANGUAGE_STANDARD = "gnu++14";
				CLANG_CXX_LIBRARY = "libc++";
				CLANG_ENABLE_MODULES = YES;
				CLANG_ENABLE_OBJC_ARC = YES;
				CLANG_ENABLE_OBJC_WEAK = YES;
				CLANG_WARN_BLOCK_CAPTURE_AUTORELEASING = YES;
				CLANG_WARN_BOOL_CONVERSION = YES;
				CLANG_WARN_COMMA = YES;
				CLANG_WARN_CONSTANT_CONVERSION = YES;
				CLANG_WARN_DEPRECATED_OBJC_IMPLEMENTATIONS = YES;
				CLANG_WARN_DIRECT_OBJC_ISA_USAGE = YES_ERROR;
				CLANG_WARN_DOCUMENTATION_COMMENTS = YES;
				CLANG_WARN_EMPTY_BODY = YES;
				CLANG_WARN_ENUM_CONVERSION = YES;
				CLANG_WARN_INFINITE_RECURSION = YES;
				CLANG_WARN_INT_CONVERSION = YES;
				CLANG_WARN_NON_LITERAL_NULL_CONVERSION = YES;
				CLANG_WARN_OBJC_IMPLICIT_RETAIN_SELF = YES;
				CLANG_WARN_OBJC_LITERAL_CONVERSION = YES;
				CLANG_WARN_OBJC_ROOT_CLASS = YES_ERROR;
				CLANG_WARN_RANGE_LOOP_ANALYSIS = YES;
				CLANG_WARN_STRICT_PROTOTYPES = YES;
				CLANG_WARN_SUSPICIOUS_MOVE = YES;
				CLANG_WARN_UNGUARDED_AVAILABILITY = YES_AGGRESSIVE;
				CLANG_WARN_UNREACHABLE_CODE = YES;
				CLANG_WARN__DUPLICATE_METHOD_MATCH = YES;
				CODE_SIGN_IDENTITY = "iPhone Developer";
				COPY_PHASE_STRIP = NO;
				DEBUG_INFORMATION_FORMAT = "dwarf-with-dsym";
				ENABLE_NS_ASSERTIONS = NO;
				ENABLE_STRICT_OBJC_MSGSEND = YES;
				GCC_C_LANGUAGE_STANDARD = gnu11;
				GCC_NO_COMMON_BLOCKS = YES;
				GCC_WARN_64_TO_32_BIT_CONVERSION = YES;
				GCC_WARN_ABOUT_RETURN_TYPE = YES_ERROR;
				GCC_WARN_UNDECLARED_SELECTOR = YES;
				GCC_WARN_UNINITIALIZED_AUTOS = YES_AGGRESSIVE;
				GCC_WARN_UNUSED_FUNCTION = YES;
				GCC_WARN_UNUSED_VARIABLE = YES;
				IPHONEOS_DEPLOYMENT_TARGET = 11.3;
				MTL_ENABLE_DEBUG_INFO = NO;
				SDKROOT = iphoneos;
				SWIFT_COMPILATION_MODE = wholemodule;
				SWIFT_OPTIMIZATION_LEVEL = "-O";
				VALIDATE_PRODUCT = YES;
			};
			name = Release;
		};
		05CB8F832091165200AB7E13 /* Debug */ = {
			isa = XCBuildConfiguration;
			buildSettings = {
				ASSETCATALOG_COMPILER_APPICON_NAME = AppIcon;
				CODE_SIGN_STYLE = Automatic;
				DEVELOPMENT_TEAM = ZX39EC4S8M;
				INFOPLIST_FILE = WordOfTheBird/Info.plist;
				LD_RUNPATH_SEARCH_PATHS = (
					"$(inherited)",
					"@executable_path/Frameworks",
				);
				PRODUCT_BUNDLE_IDENTIFIER = com.bananaviking.WordOfTheBird;
				PRODUCT_NAME = "$(TARGET_NAME)";
				SWIFT_VERSION = 4.0;
				TARGETED_DEVICE_FAMILY = "1,2";
			};
			name = Debug;
		};
		05CB8F842091165200AB7E13 /* Release */ = {
			isa = XCBuildConfiguration;
			buildSettings = {
				ASSETCATALOG_COMPILER_APPICON_NAME = AppIcon;
				CODE_SIGN_STYLE = Automatic;
				DEVELOPMENT_TEAM = ZX39EC4S8M;
				INFOPLIST_FILE = WordOfTheBird/Info.plist;
				LD_RUNPATH_SEARCH_PATHS = (
					"$(inherited)",
					"@executable_path/Frameworks",
				);
				PRODUCT_BUNDLE_IDENTIFIER = com.bananaviking.WordOfTheBird;
				PRODUCT_NAME = "$(TARGET_NAME)";
				SWIFT_VERSION = 4.0;
				TARGETED_DEVICE_FAMILY = "1,2";
			};
			name = Release;
		};
/* End XCBuildConfiguration section */

/* Begin XCConfigurationList section */
		05CB8F6B2091165100AB7E13 /* Build configuration list for PBXProject "WordOfTheBird" */ = {
			isa = XCConfigurationList;
			buildConfigurations = (
				05CB8F802091165200AB7E13 /* Debug */,
				05CB8F812091165200AB7E13 /* Release */,
			);
			defaultConfigurationIsVisible = 0;
			defaultConfigurationName = Release;
		};
		05CB8F822091165200AB7E13 /* Build configuration list for PBXNativeTarget "WordOfTheBird" */ = {
			isa = XCConfigurationList;
			buildConfigurations = (
				05CB8F832091165200AB7E13 /* Debug */,
				05CB8F842091165200AB7E13 /* Release */,
			);
			defaultConfigurationIsVisible = 0;
			defaultConfigurationName = Release;
		};
/* End XCConfigurationList section */
	};
	rootObject = 05CB8F682091165100AB7E13 /* Project object */;
}
